
Microsoft Visual Studio Solution File, Format Version 12.00
# Visual Studio Version 17
VisualStudioVersion = 17.14.36401.2
MinimumVisualStudioVersion = 10.0.40219.1
Project("{FAE04EC0-301F-11D3-BF4B-00C04F79EFBC}") = "Ventas.webAssembly", "Ventas.webAssembly\Ventas.webAssembly.csproj", "{61EAFE3B-F34E-4489-9160-B4F8E1233055}"
EndProject
Project("{FAE04EC0-301F-11D3-BF4B-00C04F79EFBC}") = "Ventas.BlazorEntities", "Ventas.BlazorEntities\Ventas.BlazorEntities.csproj", "{9F0FD609-DC17-48CC-A109-82702AF6C059}"
EndProject
Project("{FAE04EC0-301F-11D3-BF4B-00C04F79EFBC}") = "Ventas.Test", "Ventas.Test\Ventas.Test.csproj", "{807492C0-77DF-47CE-BF57-04F252D1AF5B}"
EndProject
Global
	GlobalSection(SolutionConfigurationPlatforms) = preSolution
		Debug|Any CPU = Debug|Any CPU
		Release|Any CPU = Release|Any CPU
	EndGlobalSection
	GlobalSection(ProjectConfigurationPlatforms) = postSolution
		{61EAFE3B-F34E-4489-9160-B4F8E1233055}.Debug|Any CPU.ActiveCfg = Debug|Any CPU
		{61EAFE3B-F34E-4489-9160-B4F8E1233055}.Debug|Any CPU.Build.0 = Debug|Any CPU
		{61EAFE3B-F34E-4489-9160-B4F8E1233055}.Release|Any CPU.ActiveCfg = Release|Any CPU
		{61EAFE3B-F34E-4489-9160-B4F8E1233055}.Release|Any CPU.Build.0 = Release|Any CPU
		{9F0FD609-DC17-48CC-A109-82702AF6C059}.Debug|Any CPU.ActiveCfg = Debug|Any CPU
		{9F0FD609-DC17-48CC-A109-82702AF6C059}.Debug|Any CPU.Build.0 = Debug|Any CPU
		{9F0FD609-DC17-48CC-A109-82702AF6C059}.Release|Any CPU.ActiveCfg = Release|Any CPU
		{9F0FD609-DC17-48CC-A109-82702AF6C059}.Release|Any CPU.Build.0 = Release|Any CPU
		{807492C0-77DF-47CE-BF57-04F252D1AF5B}.Debug|Any CPU.ActiveCfg = Debug|Any CPU
		{807492C0-77DF-47CE-BF57-04F252D1AF5B}.Debug|Any CPU.Build.0 = Debug|Any CPU
		{807492C0-77DF-47CE-BF57-04F252D1AF5B}.Release|Any CPU.ActiveCfg = Release|Any CPU
		{807492C0-77DF-47CE-BF57-04F252D1AF5B}.Release|Any CPU.Build.0 = Release|Any CPU
	EndGlobalSection
	GlobalSection(SolutionProperties) = preSolution
		HideSolutionNode = FALSE
	EndGlobalSection
	GlobalSection(ExtensibilityGlobals) = postSolution
		SolutionGuid = {CC9A24F2-E8E1-404B-92D0-9A9B0AA73D2A}
	EndGlobalSection
EndGlobal
